
Microsoft Visual Studio Solution File, Format Version 12.00
# Visual Studio Version 17
VisualStudioVersion = 17.10.35013.160
MinimumVisualStudioVersion = 10.0.40219.1
Project("{FAE04EC0-301F-11D3-BF4B-00C04F79EFBC}") = "DapperProject", "DapperProject\DapperProject.csproj", "{2C345DDF-29F1-4D51-B8D0-7D1BC588B9AB}"
EndProject
Global
	GlobalSection(SolutionConfigurationPlatforms) = preSolution
		Debug|Any CPU = Debug|Any CPU
		Release|Any CPU = Release|Any CPU
	EndGlobalSection
	GlobalSection(ProjectConfigurationPlatforms) = postSolution
		{2C345DDF-29F1-4D51-B8D0-7D1BC588B9AB}.Debug|Any CPU.ActiveCfg = Debug|Any CPU
		{2C345DDF-29F1-4D51-B8D0-7D1BC588B9AB}.Debug|Any CPU.Build.0 = Debug|Any CPU
		{2C345DDF-29F1-4D51-B8D0-7D1BC588B9AB}.Release|Any CPU.ActiveCfg = Release|Any CPU
		{2C345DDF-29F1-4D51-B8D0-7D1BC588B9AB}.Release|Any CPU.Build.0 = Release|Any CPU
	EndGlobalSection
	GlobalSection(SolutionProperties) = preSolution
		HideSolutionNode = FALSE
	EndGlobalSection
	GlobalSection(ExtensibilityGlobals) = postSolution
		SolutionGuid = {DCC86434-3C90-4FE1-86F4-EB049700F1D5}
	EndGlobalSection
EndGlobal
